// !$*UTF8*$!
{
	archiveVersion = 1;
	classes = {
	};
	objectVersion = 48;
	objects = {

/* Begin PBXBuildFile section */
		3098B1F61F67F95A003B18D5 /* main.cpp in Sources */ = {isa = PBXBuildFile; fileRef = 3098B1F51F67F95A003B18D5 /* main.cpp */; };
		3098B2001F67FBFF003B18D5 /* Tokenizer.cpp in Sources */ = {isa = PBXBuildFile; fileRef = 3098B1FE1F67FBFF003B18D5 /* Tokenizer.cpp */; };
		3098B2031F6808E5003B18D5 /* Lexer.cpp in Sources */ = {isa = PBXBuildFile; fileRef = 3098B2011F6808E5003B18D5 /* Lexer.cpp */; };
		3098B2071F681157003B18D5 /* Parser.cpp in Sources */ = {isa = PBXBuildFile; fileRef = 3098B2051F681157003B18D5 /* Parser.cpp */; };
/* End PBXBuildFile section */

/* Begin PBXCopyFilesBuildPhase section */
		3098B1F01F67F95A003B18D5 /* CopyFiles */ = {
			isa = PBXCopyFilesBuildPhase;
			buildActionMask = 2147483647;
			dstPath = /usr/share/man/man1/;
			dstSubfolderSpec = 0;
			files = (
			);
			runOnlyForDeploymentPostprocessing = 1;
		};
/* End PBXCopyFilesBuildPhase section */

/* Begin PBXFileReference section */
		3098B1F21F67F95A003B18D5 /* txtgen */ = {isa = PBXFileReference; explicitFileType = "compiled.mach-o.executable"; includeInIndex = 0; path = txtgen; sourceTree = BUILT_PRODUCTS_DIR; };
		3098B1F51F67F95A003B18D5 /* main.cpp */ = {isa = PBXFileReference; lastKnownFileType = sourcecode.cpp.cpp; path = main.cpp; sourceTree = "<group>"; };
		3098B1FD1F67F9FD003B18D5 /* examples.h */ = {isa = PBXFileReference; lastKnownFileType = sourcecode.c.h; path = examples.h; sourceTree = "<group>"; };
		3098B1FE1F67FBFF003B18D5 /* Tokenizer.cpp */ = {isa = PBXFileReference; lastKnownFileType = sourcecode.cpp.cpp; path = Tokenizer.cpp; sourceTree = "<group>"; };
		3098B1FF1F67FBFF003B18D5 /* Tokenizer.hpp */ = {isa = PBXFileReference; lastKnownFileType = sourcecode.cpp.h; path = Tokenizer.hpp; sourceTree = "<group>"; };
		3098B2011F6808E5003B18D5 /* Lexer.cpp */ = {isa = PBXFileReference; lastKnownFileType = sourcecode.cpp.cpp; path = Lexer.cpp; sourceTree = "<group>"; };
		3098B2021F6808E5003B18D5 /* Lexer.hpp */ = {isa = PBXFileReference; lastKnownFileType = sourcecode.cpp.h; path = Lexer.hpp; sourceTree = "<group>"; };
		3098B2041F680E2D003B18D5 /* TODO.md */ = {isa = PBXFileReference; lastKnownFileType = net.daringfireball.markdown; path = TODO.md; sourceTree = "<group>"; };
		3098B2051F681157003B18D5 /* Parser.cpp */ = {isa = PBXFileReference; lastKnownFileType = sourcecode.cpp.cpp; path = Parser.cpp; sourceTree = "<group>"; };
		3098B2061F681157003B18D5 /* Parser.hpp */ = {isa = PBXFileReference; lastKnownFileType = sourcecode.cpp.h; path = Parser.hpp; sourceTree = "<group>"; };
/* End PBXFileReference section */

/* Begin PBXFrameworksBuildPhase section */
		3098B1EF1F67F95A003B18D5 /* Frameworks */ = {
			isa = PBXFrameworksBuildPhase;
			buildActionMask = 2147483647;
			files = (
			);
			runOnlyForDeploymentPostprocessing = 0;
		};
/* End PBXFrameworksBuildPhase section */

/* Begin PBXGroup section */
		3098B1E91F67F95A003B18D5 = {
			isa = PBXGroup;
			children = (
				3098B2041F680E2D003B18D5 /* TODO.md */,
				3098B1F41F67F95A003B18D5 /* txtgen */,
				3098B1F31F67F95A003B18D5 /* Products */,
			);
			sourceTree = "<group>";
		};
		3098B1F31F67F95A003B18D5 /* Products */ = {
			isa = PBXGroup;
			children = (
				3098B1F21F67F95A003B18D5 /* txtgen */,
			);
			name = Products;
			sourceTree = "<group>";
		};
		3098B1F41F67F95A003B18D5 /* txtgen */ = {
			isa = PBXGroup;
			children = (
				3098B1FD1F67F9FD003B18D5 /* examples.h */,
				3098B2011F6808E5003B18D5 /* Lexer.cpp */,
				3098B2021F6808E5003B18D5 /* Lexer.hpp */,
				3098B1F51F67F95A003B18D5 /* main.cpp */,
				3098B2051F681157003B18D5 /* Parser.cpp */,
				3098B2061F681157003B18D5 /* Parser.hpp */,
				3098B1FE1F67FBFF003B18D5 /* Tokenizer.cpp */,
				3098B1FF1F67FBFF003B18D5 /* Tokenizer.hpp */,
			);
			path = txtgen;
			sourceTree = "<group>";
		};
/* End PBXGroup section */

/* Begin PBXNativeTarget section */
		3098B1F11F67F95A003B18D5 /* txtgen */ = {
			isa = PBXNativeTarget;
			buildConfigurationList = 3098B1F91F67F95A003B18D5 /* Build configuration list for PBXNativeTarget "txtgen" */;
			buildPhases = (
				3098B1EE1F67F95A003B18D5 /* Sources */,
				3098B1EF1F67F95A003B18D5 /* Frameworks */,
				3098B1F01F67F95A003B18D5 /* CopyFiles */,
			);
			buildRules = (
			);
			dependencies = (
			);
			name = txtgen;
			productName = txtgen;
			productReference = 3098B1F21F67F95A003B18D5 /* txtgen */;
			productType = "com.apple.product-type.tool";
		};
/* End PBXNativeTarget section */

/* Begin PBXProject section */
		3098B1EA1F67F95A003B18D5 /* Project object */ = {
			isa = PBXProject;
			attributes = {
				LastUpgradeCheck = 0900;
				ORGANIZATIONNAME = "joerg piringer";
				TargetAttributes = {
					3098B1F11F67F95A003B18D5 = {
						CreatedOnToolsVersion = 9.0;
						ProvisioningStyle = Automatic;
					};
				};
			};
			buildConfigurationList = 3098B1ED1F67F95A003B18D5 /* Build configuration list for PBXProject "txtgen" */;
			compatibilityVersion = "Xcode 8.0";
			developmentRegion = en;
			hasScannedForEncodings = 0;
			knownRegions = (
				en,
			);
			mainGroup = 3098B1E91F67F95A003B18D5;
			productRefGroup = 3098B1F31F67F95A003B18D5 /* Products */;
			projectDirPath = "";
			projectRoot = "";
			targets = (
				3098B1F11F67F95A003B18D5 /* txtgen */,
			);
		};
/* End PBXProject section */

/* Begin PBXSourcesBuildPhase section */
		3098B1EE1F67F95A003B18D5 /* Sources */ = {
			isa = PBXSourcesBuildPhase;
			buildActionMask = 2147483647;
			files = (
				3098B2071F681157003B18D5 /* Parser.cpp in Sources */,
				3098B2031F6808E5003B18D5 /* Lexer.cpp in Sources */,
				3098B1F61F67F95A003B18D5 /* main.cpp in Sources */,
				3098B2001F67FBFF003B18D5 /* Tokenizer.cpp in Sources */,
			);
			runOnlyForDeploymentPostprocessing = 0;
		};
/* End PBXSourcesBuildPhase section */

/* Begin XCBuildConfiguration section */
		3098B1F71F67F95A003B18D5 /* Debug */ = {
			isa = XCBuildConfiguration;
			buildSettings = {
				ALWAYS_SEARCH_USER_PATHS = NO;
				CLANG_ANALYZER_NONNULL = YES;
				CLANG_ANALYZER_NUMBER_OBJECT_CONVERSION = YES_AGGRESSIVE;
				CLANG_CXX_LANGUAGE_STANDARD = "gnu++14";
				CLANG_CXX_LIBRARY = "libc++";
				CLANG_ENABLE_MODULES = YES;
				CLANG_ENABLE_OBJC_ARC = YES;
				CLANG_WARN_BLOCK_CAPTURE_AUTORELEASING = YES;
				CLANG_WARN_BOOL_CONVERSION = YES;
				CLANG_WARN_COMMA = YES;
				CLANG_WARN_CONSTANT_CONVERSION = YES;
				CLANG_WARN_DIRECT_OBJC_ISA_USAGE = YES_ERROR;
				CLANG_WARN_DOCUMENTATION_COMMENTS = YES;
				CLANG_WARN_EMPTY_BODY = YES;
				CLANG_WARN_ENUM_CONVERSION = YES;
				CLANG_WARN_INFINITE_RECURSION = YES;
				CLANG_WARN_INT_CONVERSION = YES;
				CLANG_WARN_NON_LITERAL_NULL_CONVERSION = YES;
				CLANG_WARN_OBJC_LITERAL_CONVERSION = YES;
				CLANG_WARN_OBJC_ROOT_CLASS = YES_ERROR;
				CLANG_WARN_RANGE_LOOP_ANALYSIS = YES;
				CLANG_WARN_STRICT_PROTOTYPES = YES;
				CLANG_WARN_SUSPICIOUS_MOVE = YES;
				CLANG_WARN_UNGUARDED_AVAILABILITY = YES_AGGRESSIVE;
				CLANG_WARN_UNREACHABLE_CODE = YES;
				CLANG_WARN__DUPLICATE_METHOD_MATCH = YES;
				CODE_SIGN_IDENTITY = "Mac Developer";
				COPY_PHASE_STRIP = NO;
				DEBUG_INFORMATION_FORMAT = dwarf;
				ENABLE_STRICT_OBJC_MSGSEND = YES;
				ENABLE_TESTABILITY = YES;
				GCC_C_LANGUAGE_STANDARD = gnu11;
				GCC_DYNAMIC_NO_PIC = NO;
				GCC_NO_COMMON_BLOCKS = YES;
				GCC_OPTIMIZATION_LEVEL = 0;
				GCC_PREPROCESSOR_DEFINITIONS = (
					"DEBUG=1",
					"$(inherited)",
				);
				GCC_WARN_64_TO_32_BIT_CONVERSION = YES;
				GCC_WARN_ABOUT_RETURN_TYPE = YES_ERROR;
				GCC_WARN_UNDECLARED_SELECTOR = YES;
				GCC_WARN_UNINITIALIZED_AUTOS = YES_AGGRESSIVE;
				GCC_WARN_UNUSED_FUNCTION = YES;
				GCC_WARN_UNUSED_VARIABLE = YES;
				MACOSX_DEPLOYMENT_TARGET = 10.12;
				MTL_ENABLE_DEBUG_INFO = YES;
				ONLY_ACTIVE_ARCH = YES;
				SDKROOT = macosx;
			};
			name = Debug;
		};
		3098B1F81F67F95A003B18D5 /* Release */ = {
			isa = XCBuildConfiguration;
			buildSettings = {
				ALWAYS_SEARCH_USER_PATHS = NO;
				CLANG_ANALYZER_NONNULL = YES;
				CLANG_ANALYZER_NUMBER_OBJECT_CONVERSION = YES_AGGRESSIVE;
				CLANG_CXX_LANGUAGE_STANDARD = "gnu++14";
				CLANG_CXX_LIBRARY = "libc++";
				CLANG_ENABLE_MODULES = YES;
				CLANG_ENABLE_OBJC_ARC = YES;
				CLANG_WARN_BLOCK_CAPTURE_AUTORELEASING = YES;
				CLANG_WARN_BOOL_CONVERSION = YES;
				CLANG_WARN_COMMA = YES;
				CLANG_WARN_CONSTANT_CONVERSION = YES;
				CLANG_WARN_DIRECT_OBJC_ISA_USAGE = YES_ERROR;
				CLANG_WARN_DOCUMENTATION_COMMENTS = YES;
				CLANG_WARN_EMPTY_BODY = YES;
				CLANG_WARN_ENUM_CONVERSION = YES;
				CLANG_WARN_INFINITE_RECURSION = YES;
				CLANG_WARN_INT_CONVERSION = YES;
				CLANG_WARN_NON_LITERAL_NULL_CONVERSION = YES;
				CLANG_WARN_OBJC_LITERAL_CONVERSION = YES;
				CLANG_WARN_OBJC_ROOT_CLASS = YES_ERROR;
				CLANG_WARN_RANGE_LOOP_ANALYSIS = YES;
				CLANG_WARN_STRICT_PROTOTYPES = YES;
				CLANG_WARN_SUSPICIOUS_MOVE = YES;
				CLANG_WARN_UNGUARDED_AVAILABILITY = YES_AGGRESSIVE;
				CLANG_WARN_UNREACHABLE_CODE = YES;
				CLANG_WARN__DUPLICATE_METHOD_MATCH = YES;
				CODE_SIGN_IDENTITY = "Mac Developer";
				COPY_PHASE_STRIP = NO;
				DEBUG_INFORMATION_FORMAT = "dwarf-with-dsym";
				ENABLE_NS_ASSERTIONS = NO;
				ENABLE_STRICT_OBJC_MSGSEND = YES;
				GCC_C_LANGUAGE_STANDARD = gnu11;
				GCC_NO_COMMON_BLOCKS = YES;
				GCC_WARN_64_TO_32_BIT_CONVERSION = YES;
				GCC_WARN_ABOUT_RETURN_TYPE = YES_ERROR;
				GCC_WARN_UNDECLARED_SELECTOR = YES;
				GCC_WARN_UNINITIALIZED_AUTOS = YES_AGGRESSIVE;
				GCC_WARN_UNUSED_FUNCTION = YES;
				GCC_WARN_UNUSED_VARIABLE = YES;
				MACOSX_DEPLOYMENT_TARGET = 10.12;
				MTL_ENABLE_DEBUG_INFO = NO;
				SDKROOT = macosx;
			};
			name = Release;
		};
		3098B1FA1F67F95A003B18D5 /* Debug */ = {
			isa = XCBuildConfiguration;
			buildSettings = {
				CODE_SIGN_STYLE = Automatic;
				DEVELOPMENT_TEAM = 5GH94K69R8;
				PRODUCT_NAME = "$(TARGET_NAME)";
			};
			name = Debug;
		};
		3098B1FB1F67F95A003B18D5 /* Release */ = {
			isa = XCBuildConfiguration;
			buildSettings = {
				CODE_SIGN_STYLE = Automatic;
				DEVELOPMENT_TEAM = 5GH94K69R8;
				PRODUCT_NAME = "$(TARGET_NAME)";
			};
			name = Release;
		};
/* End XCBuildConfiguration section */

/* Begin XCConfigurationList section */
		3098B1ED1F67F95A003B18D5 /* Build configuration list for PBXProject "txtgen" */ = {
			isa = XCConfigurationList;
			buildConfigurations = (
				3098B1F71F67F95A003B18D5 /* Debug */,
				3098B1F81F67F95A003B18D5 /* Release */,
			);
			defaultConfigurationIsVisible = 0;
			defaultConfigurationName = Release;
		};
		3098B1F91F67F95A003B18D5 /* Build configuration list for PBXNativeTarget "txtgen" */ = {
			isa = XCConfigurationList;
			buildConfigurations = (
				3098B1FA1F67F95A003B18D5 /* Debug */,
				3098B1FB1F67F95A003B18D5 /* Release */,
			);
			defaultConfigurationIsVisible = 0;
			defaultConfigurationName = Release;
		};
/* End XCConfigurationList section */
	};
	rootObject = 3098B1EA1F67F95A003B18D5 /* Project object */;
}
