// !$*UTF8*$!
{
	archiveVersion = 1;
	classes = {
	};
	objectVersion = 46;
	objects = {

/* Begin PBXBuildFile section */
		037C4BE6C39824D176949292 /* WebKit.framework */ = {isa = PBXBuildFile; fileRef = D4B8E21AC831BADB05F722FE; };
		037E059B740711862B4A77F1 /* VideoExporter.cpp */ = {isa = PBXBuildFile; fileRef = EF4C878184FD2385AC27BC02; settings = { COMPILER_FLAGS = "-xobjective-c++"; }; };
		0527033FE821AF671141C759 /* QuartzCore.framework */ = {isa = PBXBuildFile; fileRef = 4E138F888313321D47F4C989; };
		0837F7E23547116D8099BB49 /* UndoableActions.cpp */ = {isa = PBXBuildFile; fileRef = 39EE9C617DE9A5C85A4D3AB7; };
		0DBAFCC75C7906107BCF50C6 /* TextTurtleGraphics.cpp */ = {isa = PBXBuildFile; fileRef = CC045FCC327D2426C31D39A9; };
		0FC2943757215E5690A68CFA /* include_juce_core.mm */ = {isa = PBXBuildFile; fileRef = A0551B6FB8679E8B032724D9; };
		1C1ABACA9750359D48EB5600 /* Accelerate.framework */ = {isa = PBXBuildFile; fileRef = 1EE1B58388204FAF86EE8676; };
		1D500F533ABB17B86277FAB6 /* RecentFilesMenuTemplate.nib */ = {isa = PBXBuildFile; fileRef = E221F4492AE3CCCF024BB289; };
		214EEBD355C43B72E1862246 /* include_juce_audio_processors.mm */ = {isa = PBXBuildFile; fileRef = D6A181B92606C4EA83826737; };
		23782A5681E2FD4CC1A574F2 /* GrammarTokeniser.cpp */ = {isa = PBXBuildFile; fileRef = 411FA01AF3BD6982CC120E5D; };
		23E9EB0C01623C6CF4166D9A /* Lexer.cpp */ = {isa = PBXBuildFile; fileRef = 02ABE42BAE038639E2F53183; };
		250F966983052EF964E8D6C3 /* include_juce_opengl.mm */ = {isa = PBXBuildFile; fileRef = AB940683BB70C90AB1262800; };
		2AAFB6FAE1B64DF6D3EC62C5 /* include_juce_gui_basics.mm */ = {isa = PBXBuildFile; fileRef = 4786A42B644081DF9D8382BE; };
		2BF8E7261D23D7BA28E3D688 /* include_juce_audio_devices.mm */ = {isa = PBXBuildFile; fileRef = 2A8F450EDBD9AB56CAF6D493; };
		2DD31D83F340C679617133FC /* include_juce_audio_processors_ara.cpp */ = {isa = PBXBuildFile; fileRef = 1185ADEA4B8A0831B64BF4AD; };
		321546A0786AC54ED9F1D1F4 /* utils.cpp */ = {isa = PBXBuildFile; fileRef = E1CEBFFD6E4B3FDCF2CC6FAD; };
		377767515B766E6E9E0DDC60 /* Speaker.cpp */ = {isa = PBXBuildFile; fileRef = 4B5CBD6A3CD91AFC48F8EF1E; settings = { COMPILER_FLAGS = "-xobjective-c++"; }; };
		3A316C9899964D338F9BFF44 /* AVFoundation.framework */ = {isa = PBXBuildFile; fileRef = 8975FE5A4ED205436B7A056A; };
		43F0F932EC6E644300ABD8F5 /* LSystemTokeniser.cpp */ = {isa = PBXBuildFile; fileRef = 2B45C1CFA8A97367D53FE858; };
		4583A9D3426C6C545728A891 /* App */ = {isa = PBXBuildFile; fileRef = 4C4FC23EA25438B1152C87DC; };
		5408517E5A6FCA9F84A619C6 /* DrawRoutines.cpp */ = {isa = PBXBuildFile; fileRef = 11F23AE590986B047EF7D702; settings = { COMPILER_FLAGS = "-xobjective-c++"; }; };
		5FF51A826474FA13CD51D2CE /* IOKit.framework */ = {isa = PBXBuildFile; fileRef = 29458B98CE34EA0DF64C2DA7; };
		6044A842767BE43731FF240A /* MainComponent.cpp */ = {isa = PBXBuildFile; fileRef = C289E75BBC517E54A3469B06; };
		6A2F09917E31403DFCFEC987 /* Markov.cpp */ = {isa = PBXBuildFile; fileRef = EE8D7F5164B0F14570312603; };
		6C6BA4ACA7DF8A9F4FB7A3E7 /* NamShub.cpp */ = {isa = PBXBuildFile; fileRef = 872EF95DC52BD1747382F81A; };
		75A51527BCD0B1DC6DA6F51F /* Parser.cpp */ = {isa = PBXBuildFile; fileRef = 8940504111E7548D15FF8EE5; };
		7F9F77A9693167216509740C /* include_juce_video.mm */ = {isa = PBXBuildFile; fileRef = 41064F35812828A6A8EC752D; };
		8BA786178024ECF0A519EC6C /* include_juce_audio_basics.mm */ = {isa = PBXBuildFile; fileRef = DCCBD43010CD010CFEF43BDB; };
		90CEAE4E75D0BE49EE1D0F94 /* Foundation.framework */ = {isa = PBXBuildFile; fileRef = F97F6C02EDB9715B3456444A; };
		94D474A8630F15BBF85B5283 /* include_juce_cryptography.mm */ = {isa = PBXBuildFile; fileRef = C1EA28163B784E4C0F2971DB; };
		983BD6F639EE9BD6F446DDFF /* Examples.cpp */ = {isa = PBXBuildFile; fileRef = CD007A67D2EB02729D8BA040; };
		9FD80F272D03CBDBAC1BA8CA /* Platform.cpp */ = {isa = PBXBuildFile; fileRef = 534FE6BE94412798DF22E30C; settings = { COMPILER_FLAGS = "-xobjective-c++"; }; };
		A379F4A978EE198CF4DF0782 /* BinaryData.cpp */ = {isa = PBXBuildFile; fileRef = 85DF41CC4FA4FD2DE1E6CBC5; };
		A826D0B5B883AEECA69C5ECD /* CoreAudio.framework */ = {isa = PBXBuildFile; fileRef = CFBF40D26009AB257945F093; };
		ACCAE6F4D4F2F09203E1B1B4 /* include_juce_events.mm */ = {isa = PBXBuildFile; fileRef = FA6F610690F59726200793CE; };
		B1D412381917298F6820866D /* include_juce_data_structures.mm */ = {isa = PBXBuildFile; fileRef = F26F2222D82F1EF1AF0AB3B9; };
		B66BE7EE0C011864278CFD29 /* include_juce_gui_extra.mm */ = {isa = PBXBuildFile; fileRef = 08C011C0643D01CDBE66B80D; };
		B710BE038F11C524A9D445E8 /* AVKit.framework */ = {isa = PBXBuildFile; fileRef = 357A8F7AF49826922CB6EFDF; };
		BEFA3D36052F6B3D65D918C7 /* Cocoa.framework */ = {isa = PBXBuildFile; fileRef = 511F4132C538C0AFFA4F3FFF; };
		C0DEBC1B8532AD56075F46AC /* Icon.icns */ = {isa = PBXBuildFile; fileRef = 0257E5CE67CB370B7D672DB6; };
		C726DC7123DCFF4DA2264016 /* AudioToolbox.framework */ = {isa = PBXBuildFile; fileRef = 467435548BB10188093DFA34; };
		C8E6B1F4AB5679A521968222 /* ShowWindow.cpp */ = {isa = PBXBuildFile; fileRef = A3599176C14360AD4D5B35BA; };
		CB93B80FACF8F9796A6870E6 /* LSystem.cpp */ = {isa = PBXBuildFile; fileRef = 69B45CB43265726A62236C97; };
		CBF533C05A2BF9995D7D4EB3 /* CoreMIDI.framework */ = {isa = PBXBuildFile; fileRef = 97C0BF5895F488C7439ED345; };
		D2824E3F6DC28F388333A23A /* include_juce_audio_processors_lv2_libs.cpp */ = {isa = PBXBuildFile; fileRef = 53E9648CB1223B9564EBB45B; };
		D3720612E90A6525626AC42D /* MainWindow.cpp */ = {isa = PBXBuildFile; fileRef = E4A3C0C31ACBC20BF247E1D7; };
		D7D63A45212186F871C1EF3D /* Runner.cpp */ = {isa = PBXBuildFile; fileRef = D5FADA01BE250A7ECD2043CC; };
		E531B553ACF945969E2E7A0B /* Tokenizer.cpp */ = {isa = PBXBuildFile; fileRef = FC128630979D2C96EC37E817; };
		EC456C10D0BCF75ED27E1DAF /* Program.cpp */ = {isa = PBXBuildFile; fileRef = 30A1F33DA8CCBE1A546EF41B; };
		ED80387ED2B84BC7E2B5EF59 /* include_juce_graphics.mm */ = {isa = PBXBuildFile; fileRef = 3D09E06C4E669C722463444E; };
		EFFD96D1F3057CF5B0865EDA /* include_juce_audio_formats.mm */ = {isa = PBXBuildFile; fileRef = EE66F56E6A50EBED2A133789; };
		F9819FF0C9705E0C9F1D3463 /* OpenGL.framework */ = {isa = PBXBuildFile; fileRef = 0AA7A7F85A9AF48281C98130; };
		FACF1737371624BC5687F71A /* CoreMedia.framework */ = {isa = PBXBuildFile; fileRef = F59E2BDD44591FBAD5BB2E9A; };
/* End PBXBuildFile section */

/* Begin PBXFileReference section */
		008A549D769C19B5DAAF972E /* VideoExporter.hpp */ /* VideoExporter.hpp */ = {isa = PBXFileReference; lastKnownFileType = sourcecode.c.h; name = VideoExporter.hpp; path = ../../Source/VideoExporter.hpp; sourceTree = SOURCE_ROOT; };
		011214464EA5DBD9A1C5DBF5 /* CHANGES.md */ /* CHANGES.md */ = {isa = PBXFileReference; lastKnownFileType = file.md; name = CHANGES.md; path = CHANGES.md; sourceTree = SOURCE_ROOT; };
		0257E5CE67CB370B7D672DB6 /* Icon.icns */ /* Icon.icns */ = {isa = PBXFileReference; lastKnownFileType = file.icns; name = Icon.icns; path = Icon.icns; sourceTree = SOURCE_ROOT; };
		02ABE42BAE038639E2F53183 /* Lexer.cpp */ /* Lexer.cpp */ = {isa = PBXFileReference; lastKnownFileType = sourcecode.cpp.cpp; name = Lexer.cpp; path = ../../Source/Lexer.cpp; sourceTree = SOURCE_ROOT; };
		048486EA6A4FECD10B9F1C9A /* TextTurtleGraphics.hpp */ /* TextTurtleGraphics.hpp */ = {isa = PBXFileReference; lastKnownFileType = sourcecode.c.h; name = TextTurtleGraphics.hpp; path = ../../Source/TextTurtleGraphics.hpp; sourceTree = SOURCE_ROOT; };
		08C011C0643D01CDBE66B80D /* include_juce_gui_extra.mm */ /* include_juce_gui_extra.mm */ = {isa = PBXFileReference; lastKnownFileType = sourcecode.cpp.objcpp; name = include_juce_gui_extra.mm; path = ../../JuceLibraryCode/include_juce_gui_extra.mm; sourceTree = SOURCE_ROOT; };
		0AA7A7F85A9AF48281C98130 /* OpenGL.framework */ /* OpenGL.framework */ = {isa = PBXFileReference; lastKnownFileType = wrapper.framework; name = OpenGL.framework; path = System/Library/Frameworks/OpenGL.framework; sourceTree = SDKROOT; };
		0D609EEBF46631A71E400631 /* GrammarTokeniser.hpp */ /* GrammarTokeniser.hpp */ = {isa = PBXFileReference; lastKnownFileType = sourcecode.c.h; name = GrammarTokeniser.hpp; path = ../../Source/GrammarTokeniser.hpp; sourceTree = SOURCE_ROOT; };
		0E288FF2F54794230C069B80 /* DrawRoutinesWin.cpp */ /* DrawRoutinesWin.cpp */ = {isa = PBXFileReference; lastKnownFileType = sourcecode.cpp.cpp; name = DrawRoutinesWin.cpp; path = ../../Source/DrawRoutinesWin.cpp; sourceTree = SOURCE_ROOT; };
		1028E95CEA311673E0D0899A /* NamShub.hpp */ /* NamShub.hpp */ = {isa = PBXFileReference; lastKnownFileType = sourcecode.c.h; name = NamShub.hpp; path = ../../Source/NamShub.hpp; sourceTree = SOURCE_ROOT; };
		1185ADEA4B8A0831B64BF4AD /* include_juce_audio_processors_ara.cpp */ /* include_juce_audio_processors_ara.cpp */ = {isa = PBXFileReference; lastKnownFileType = sourcecode.cpp.cpp; name = include_juce_audio_processors_ara.cpp; path = ../../JuceLibraryCode/include_juce_audio_processors_ara.cpp; sourceTree = SOURCE_ROOT; };
		11F23AE590986B047EF7D702 /* DrawRoutines.cpp */ /* DrawRoutines.cpp */ = {isa = PBXFileReference; lastKnownFileType = sourcecode.cpp.cpp; name = DrawRoutines.cpp; path = ../../Source/DrawRoutines.cpp; sourceTree = SOURCE_ROOT; };
		1EE1B58388204FAF86EE8676 /* Accelerate.framework */ /* Accelerate.framework */ = {isa = PBXFileReference; lastKnownFileType = wrapper.framework; name = Accelerate.framework; path = System/Library/Frameworks/Accelerate.framework; sourceTree = SDKROOT; };
		1EEA934137DE58D39D4052CE /* MainWindow.h */ /* MainWindow.h */ = {isa = PBXFileReference; lastKnownFileType = sourcecode.c.h; name = MainWindow.h; path = ../../Source/MainWindow.h; sourceTree = SOURCE_ROOT; };
		20E52DAE9D81570B08A466CC /* Markov.hpp */ /* Markov.hpp */ = {isa = PBXFileReference; lastKnownFileType = sourcecode.c.h; name = Markov.hpp; path = ../../Source/Markov.hpp; sourceTree = SOURCE_ROOT; };
		216FB139634DEB51E12FAFE4 /* PROGRAM-doc.md */ /* PROGRAM-doc.md */ = {isa = PBXFileReference; lastKnownFileType = file.md; name = "PROGRAM-doc.md"; path = "PROGRAM-doc.md"; sourceTree = SOURCE_ROOT; };
		24A5AF0D83F85730347DDCD6 /* icon_512@2x.png */ /* icon_512@2x.png */ = {isa = PBXFileReference; lastKnownFileType = image.png; name = "icon_512@2x.png"; path = "../../../gfx/icon.appiconset/icon_512@2x.png"; sourceTree = SOURCE_ROOT; };
		29458B98CE34EA0DF64C2DA7 /* IOKit.framework */ /* IOKit.framework */ = {isa = PBXFileReference; lastKnownFileType = wrapper.framework; name = IOKit.framework; path = System/Library/Frameworks/IOKit.framework; sourceTree = SDKROOT; };
		2A8F450EDBD9AB56CAF6D493 /* include_juce_audio_devices.mm */ /* include_juce_audio_devices.mm */ = {isa = PBXFileReference; lastKnownFileType = sourcecode.cpp.objcpp; name = include_juce_audio_devices.mm; path = ../../JuceLibraryCode/include_juce_audio_devices.mm; sourceTree = SOURCE_ROOT; };
		2B45C1CFA8A97367D53FE858 /* LSystemTokeniser.cpp */ /* LSystemTokeniser.cpp */ = {isa = PBXFileReference; lastKnownFileType = sourcecode.cpp.cpp; name = LSystemTokeniser.cpp; path = ../../Source/LSystemTokeniser.cpp; sourceTree = SOURCE_ROOT; };
		30A1F33DA8CCBE1A546EF41B /* Program.cpp */ /* Program.cpp */ = {isa = PBXFileReference; lastKnownFileType = sourcecode.cpp.cpp; name = Program.cpp; path = ../../Source/Program.cpp; sourceTree = SOURCE_ROOT; };
		30AF49179185AA832F3E631A /* Info-App.plist */ /* Info-App.plist */ = {isa = PBXFileReference; lastKnownFileType = text.plist.xml; name = "Info-App.plist"; path = "Info-App.plist"; sourceTree = SOURCE_ROOT; };
		357A8F7AF49826922CB6EFDF /* AVKit.framework */ /* AVKit.framework */ = {isa = PBXFileReference; lastKnownFileType = wrapper.framework; name = AVKit.framework; path = System/Library/Frameworks/AVKit.framework; sourceTree = SDKROOT; };
		36C7F103A244180C09AD839C /* PlatformWin.cpp */ /* PlatformWin.cpp */ = {isa = PBXFileReference; lastKnownFileType = sourcecode.cpp.cpp; name = PlatformWin.cpp; path = ../../Source/PlatformWin.cpp; sourceTree = SOURCE_ROOT; };
		3855CFD696452BC64DB05DCC /* utils.hpp */ /* utils.hpp */ = {isa = PBXFileReference; lastKnownFileType = sourcecode.c.h; name = utils.hpp; path = ../../Source/utils.hpp; sourceTree = SOURCE_ROOT; };
		38E485029338630AD84CABF9 /* examples-lsystem.txt */ /* examples-lsystem.txt */ = {isa = PBXFileReference; lastKnownFileType = text.txt; name = "examples-lsystem.txt"; path = "../../Source/examples-lsystem.txt"; sourceTree = SOURCE_ROOT; };
		39EE9C617DE9A5C85A4D3AB7 /* UndoableActions.cpp */ /* UndoableActions.cpp */ = {isa = PBXFileReference; lastKnownFileType = sourcecode.cpp.cpp; name = UndoableActions.cpp; path = ../../Source/UndoableActions.cpp; sourceTree = SOURCE_ROOT; };
		3B8AACD951563217A012F6AE /* Program.hpp */ /* Program.hpp */ = {isa = PBXFileReference; lastKnownFileType = sourcecode.c.h; name = Program.hpp; path = ../../Source/Program.hpp; sourceTree = SOURCE_ROOT; };
		3D09E06C4E669C722463444E /* include_juce_graphics.mm */ /* include_juce_graphics.mm */ = {isa = PBXFileReference; lastKnownFileType = sourcecode.cpp.objcpp; name = include_juce_graphics.mm; path = ../../JuceLibraryCode/include_juce_graphics.mm; sourceTree = SOURCE_ROOT; };
		3F78E5C33B34AF6E442955EC /* Common.h */ /* Common.h */ = {isa = PBXFileReference; lastKnownFileType = sourcecode.c.h; name = Common.h; path = ../../Source/Common.h; sourceTree = SOURCE_ROOT; };
		41064F35812828A6A8EC752D /* include_juce_video.mm */ /* include_juce_video.mm */ = {isa = PBXFileReference; lastKnownFileType = sourcecode.cpp.objcpp; name = include_juce_video.mm; path = ../../JuceLibraryCode/include_juce_video.mm; sourceTree = SOURCE_ROOT; };
		411FA01AF3BD6982CC120E5D /* GrammarTokeniser.cpp */ /* GrammarTokeniser.cpp */ = {isa = PBXFileReference; lastKnownFileType = sourcecode.cpp.cpp; name = GrammarTokeniser.cpp; path = ../../Source/GrammarTokeniser.cpp; sourceTree = SOURCE_ROOT; };
		467435548BB10188093DFA34 /* AudioToolbox.framework */ /* AudioToolbox.framework */ = {isa = PBXFileReference; lastKnownFileType = wrapper.framework; name = AudioToolbox.framework; path = System/Library/Frameworks/AudioToolbox.framework; sourceTree = SDKROOT; };
		4786A42B644081DF9D8382BE /* include_juce_gui_basics.mm */ /* include_juce_gui_basics.mm */ = {isa = PBXFileReference; lastKnownFileType = sourcecode.cpp.objcpp; name = include_juce_gui_basics.mm; path = ../../JuceLibraryCode/include_juce_gui_basics.mm; sourceTree = SOURCE_ROOT; };
		4B2AA29BAEF422CDFFCA3F9D /* Platform.hpp */ /* Platform.hpp */ = {isa = PBXFileReference; lastKnownFileType = sourcecode.c.h; name = Platform.hpp; path = ../../Source/Platform.hpp; sourceTree = SOURCE_ROOT; };
		4B5CBD6A3CD91AFC48F8EF1E /* Speaker.cpp */ /* Speaker.cpp */ = {isa = PBXFileReference; lastKnownFileType = sourcecode.cpp.cpp; name = Speaker.cpp; path = ../../Source/Speaker.cpp; sourceTree = SOURCE_ROOT; };
		4C4FC23EA25438B1152C87DC /* App */ = {isa = PBXFileReference; explicitFileType = wrapper.application; includeInIndex = 0; path = xTXT.app; sourceTree = BUILT_PRODUCTS_DIR; };
		4E138F888313321D47F4C989 /* QuartzCore.framework */ /* QuartzCore.framework */ = {isa = PBXFileReference; lastKnownFileType = wrapper.framework; name = QuartzCore.framework; path = System/Library/Frameworks/QuartzCore.framework; sourceTree = SDKROOT; };
		4EFDCF957A76DA0F6B9902CD /* Lexer.hpp */ /* Lexer.hpp */ = {isa = PBXFileReference; lastKnownFileType = sourcecode.c.h; name = Lexer.hpp; path = ../../Source/Lexer.hpp; sourceTree = SOURCE_ROOT; };
		511F4132C538C0AFFA4F3FFF /* Cocoa.framework */ /* Cocoa.framework */ = {isa = PBXFileReference; lastKnownFileType = wrapper.framework; name = Cocoa.framework; path = System/Library/Frameworks/Cocoa.framework; sourceTree = SDKROOT; };
		534FE6BE94412798DF22E30C /* Platform.cpp */ /* Platform.cpp */ = {isa = PBXFileReference; lastKnownFileType = sourcecode.cpp.cpp; name = Platform.cpp; path = ../../Source/Platform.cpp; sourceTree = SOURCE_ROOT; };
		53E9648CB1223B9564EBB45B /* include_juce_audio_processors_lv2_libs.cpp */ /* include_juce_audio_processors_lv2_libs.cpp */ = {isa = PBXFileReference; lastKnownFileType = sourcecode.cpp.cpp; name = include_juce_audio_processors_lv2_libs.cpp; path = ../../JuceLibraryCode/include_juce_audio_processors_lv2_libs.cpp; sourceTree = SOURCE_ROOT; };
		69B45CB43265726A62236C97 /* LSystem.cpp */ /* LSystem.cpp */ = {isa = PBXFileReference; lastKnownFileType = sourcecode.cpp.cpp; name = LSystem.cpp; path = ../../Source/LSystem.cpp; sourceTree = SOURCE_ROOT; };
		700109C9021A9C5450954490 /* PlatformOSX.mm */ /* PlatformOSX.mm */ = {isa = PBXFileReference; lastKnownFileType = sourcecode.cpp.objcpp; name = PlatformOSX.mm; path = ../../Source/PlatformOSX.mm; sourceTree = SOURCE_ROOT; };
		73E966A67152F929A71CEFF6 /* juce_audio_basics */ /* juce_audio_basics */ = {isa = PBXFileReference; lastKnownFileType = folder; name = juce_audio_basics; path = /Users/joerg/developer/lib/JUCE/modules/juce_audio_basics; sourceTree = "<absolute>"; };
		74477FA29B1026CD08985DA2 /* juce_core */ /* juce_core */ = {isa = PBXFileReference; lastKnownFileType = folder; name = juce_core; path = /Users/joerg/developer/lib/JUCE/modules/juce_core; sourceTree = "<absolute>"; };
		758AC53A8B1A3A32E1A09417 /* juce_cryptography */ /* juce_cryptography */ = {isa = PBXFileReference; lastKnownFileType = folder; name = juce_cryptography; path = /Users/joerg/developer/lib/JUCE/modules/juce_cryptography; sourceTree = "<absolute>"; };
		7862A5054B11AD5326CC2B23 /* ShowWindow.hpp */ /* ShowWindow.hpp */ = {isa = PBXFileReference; lastKnownFileType = sourcecode.c.h; name = ShowWindow.hpp; path = ../../Source/ShowWindow.hpp; sourceTree = SOURCE_ROOT; };
		7E50362B453E9A2C42BB97E2 /* juce_opengl */ /* juce_opengl */ = {isa = PBXFileReference; lastKnownFileType = folder; name = juce_opengl; path = /Users/joerg/developer/lib/JUCE/modules/juce_opengl; sourceTree = "<absolute>"; };
		7EBD9BB9DA323EB9614E841C /* examples-markov.txt */ /* examples-markov.txt */ = {isa = PBXFileReference; lastKnownFileType = text.txt; name = "examples-markov.txt"; path = "../../Source/examples-markov.txt"; sourceTree = SOURCE_ROOT; };
		8013449BF3D39F2804AA38C8 /* juce_audio_formats */ /* juce_audio_formats */ = {isa = PBXFileReference; lastKnownFileType = folder; name = juce_audio_formats; path = /Users/joerg/developer/lib/JUCE/modules/juce_audio_formats; sourceTree = "<absolute>"; };
		8291C94EC20AC4AEA40111D5 /* MainComponent.h */ /* MainComponent.h */ = {isa = PBXFileReference; lastKnownFileType = sourcecode.c.h; name = MainComponent.h; path = ../../Source/MainComponent.h; sourceTree = SOURCE_ROOT; };
		85DF41CC4FA4FD2DE1E6CBC5 /* BinaryData.cpp */ /* BinaryData.cpp */ = {isa = PBXFileReference; lastKnownFileType = sourcecode.cpp.cpp; name = BinaryData.cpp; path = ../../JuceLibraryCode/BinaryData.cpp; sourceTree = SOURCE_ROOT; };
		872EF95DC52BD1747382F81A /* NamShub.cpp */ /* NamShub.cpp */ = {isa = PBXFileReference; lastKnownFileType = sourcecode.cpp.cpp; name = NamShub.cpp; path = ../../Source/NamShub.cpp; sourceTree = SOURCE_ROOT; };
		88E1E2048833B53AD65D8A21 /* examples-grammar.txt */ /* examples-grammar.txt */ = {isa = PBXFileReference; lastKnownFileType = text.txt; name = "examples-grammar.txt"; path = "../../Source/examples-grammar.txt"; sourceTree = SOURCE_ROOT; };
		8940504111E7548D15FF8EE5 /* Parser.cpp */ /* Parser.cpp */ = {isa = PBXFileReference; lastKnownFileType = sourcecode.cpp.cpp; name = Parser.cpp; path = ../../Source/Parser.cpp; sourceTree = SOURCE_ROOT; };
		8975FE5A4ED205436B7A056A /* AVFoundation.framework */ /* AVFoundation.framework */ = {isa = PBXFileReference; lastKnownFileType = wrapper.framework; name = AVFoundation.framework; path = System/Library/Frameworks/AVFoundation.framework; sourceTree = SDKROOT; };
		8EEBA28A76064CA74DA90003 /* Speaker.hpp */ /* Speaker.hpp */ = {isa = PBXFileReference; lastKnownFileType = sourcecode.c.h; name = Speaker.hpp; path = ../../Source/Speaker.hpp; sourceTree = SOURCE_ROOT; };
		92E942927B0576C57D6FC60C /* juce_audio_processors */ /* juce_audio_processors */ = {isa = PBXFileReference; lastKnownFileType = folder; name = juce_audio_processors; path = /Users/joerg/developer/lib/JUCE/modules/juce_audio_processors; sourceTree = "<absolute>"; };
		9772FE4678FFA2AC2656F67E /* juce_gui_basics */ /* juce_gui_basics */ = {isa = PBXFileReference; lastKnownFileType = folder; name = juce_gui_basics; path = /Users/joerg/developer/lib/JUCE/modules/juce_gui_basics; sourceTree = "<absolute>"; };
		97C0BF5895F488C7439ED345 /* CoreMIDI.framework */ /* CoreMIDI.framework */ = {isa = PBXFileReference; lastKnownFileType = wrapper.framework; name = CoreMIDI.framework; path = System/Library/Frameworks/CoreMIDI.framework; sourceTree = SDKROOT; };
		9B03C4E8D3DE827649B5B9AF /* VideoExporterOSX.mm */ /* VideoExporterOSX.mm */ = {isa = PBXFileReference; lastKnownFileType = sourcecode.cpp.objcpp; name = VideoExporterOSX.mm; path = ../../Source/VideoExporterOSX.mm; sourceTree = SOURCE_ROOT; };
		9EA9A2A9D5F8113B60099152 /* DrawRoutinesOSX.mm */ /* DrawRoutinesOSX.mm */ = {isa = PBXFileReference; lastKnownFileType = sourcecode.cpp.objcpp; name = DrawRoutinesOSX.mm; path = ../../Source/DrawRoutinesOSX.mm; sourceTree = SOURCE_ROOT; };
		A0551B6FB8679E8B032724D9 /* include_juce_core.mm */ /* include_juce_core.mm */ = {isa = PBXFileReference; lastKnownFileType = sourcecode.cpp.objcpp; name = include_juce_core.mm; path = ../../JuceLibraryCode/include_juce_core.mm; sourceTree = SOURCE_ROOT; };
		A3599176C14360AD4D5B35BA /* ShowWindow.cpp */ /* ShowWindow.cpp */ = {isa = PBXFileReference; lastKnownFileType = sourcecode.cpp.cpp; name = ShowWindow.cpp; path = ../../Source/ShowWindow.cpp; sourceTree = SOURCE_ROOT; };
		A61BC4B6AACEB486792EA7C3 /* juce_events */ /* juce_events */ = {isa = PBXFileReference; lastKnownFileType = folder; name = juce_events; path = /Users/joerg/developer/lib/JUCE/modules/juce_events; sourceTree = "<absolute>"; };
		A61CCE2DA2EFCFF984369B42 /* DOC.md */ /* DOC.md */ = {isa = PBXFileReference; lastKnownFileType = file.md; name = DOC.md; path = DOC.md; sourceTree = SOURCE_ROOT; };
		A8C409970025805730EF705B /* Tokenizer.hpp */ /* Tokenizer.hpp */ = {isa = PBXFileReference; lastKnownFileType = sourcecode.c.h; name = Tokenizer.hpp; path = ../../Source/Tokenizer.hpp; sourceTree = SOURCE_ROOT; };
		AB940683BB70C90AB1262800 /* include_juce_opengl.mm */ /* include_juce_opengl.mm */ = {isa = PBXFileReference; lastKnownFileType = sourcecode.cpp.objcpp; name = include_juce_opengl.mm; path = ../../JuceLibraryCode/include_juce_opengl.mm; sourceTree = SOURCE_ROOT; };
		ABF9F66EECA72D6067345F3B /* UndoableActions.hpp */ /* UndoableActions.hpp */ = {isa = PBXFileReference; lastKnownFileType = sourcecode.c.h; name = UndoableActions.hpp; path = ../../Source/UndoableActions.hpp; sourceTree = SOURCE_ROOT; };
		AE1BBF0D4ABBB9A01AB60FD8 /* SpeakerOSX.mm */ /* SpeakerOSX.mm */ = {isa = PBXFileReference; lastKnownFileType = sourcecode.cpp.objcpp; name = SpeakerOSX.mm; path = ../../Source/SpeakerOSX.mm; sourceTree = SOURCE_ROOT; };
		AE69589B48859FE87DF7610C /* BinaryData.h */ /* BinaryData.h */ = {isa = PBXFileReference; lastKnownFileType = sourcecode.c.h; name = BinaryData.h; path = ../../JuceLibraryCode/BinaryData.h; sourceTree = SOURCE_ROOT; };
		B07C8EEE5B4A72C6AE6CD20E /* JuceHeader.h */ /* JuceHeader.h */ = {isa = PBXFileReference; lastKnownFileType = sourcecode.c.h; name = JuceHeader.h; path = ../../JuceLibraryCode/JuceHeader.h; sourceTree = SOURCE_ROOT; };
		C1EA28163B784E4C0F2971DB /* include_juce_cryptography.mm */ /* include_juce_cryptography.mm */ = {isa = PBXFileReference; lastKnownFileType = sourcecode.cpp.objcpp; name = include_juce_cryptography.mm; path = ../../JuceLibraryCode/include_juce_cryptography.mm; sourceTree = SOURCE_ROOT; };
		C2075413740D2EA5CB7B5ECE /* SpeakerWin.cpp */ /* SpeakerWin.cpp */ = {isa = PBXFileReference; lastKnownFileType = sourcecode.cpp.cpp; name = SpeakerWin.cpp; path = ../../Source/SpeakerWin.cpp; sourceTree = SOURCE_ROOT; };
		C289E75BBC517E54A3469B06 /* MainComponent.cpp */ /* MainComponent.cpp */ = {isa = PBXFileReference; lastKnownFileType = sourcecode.cpp.cpp; name = MainComponent.cpp; path = ../../Source/MainComponent.cpp; sourceTree = SOURCE_ROOT; };
		C441E5D5E73441B8D5E0F7FF /* juce_data_structures */ /* juce_data_structures */ = {isa = PBXFileReference; lastKnownFileType = folder; name = juce_data_structures; path = /Users/joerg/developer/lib/JUCE/modules/juce_data_structures; sourceTree = "<absolute>"; };
		C4F447B4585AED3246BFBAE2 /* juce_audio_devices */ /* juce_audio_devices */ = {isa = PBXFileReference; lastKnownFileType = folder; name = juce_audio_devices; path = /Users/joerg/developer/lib/JUCE/modules/juce_audio_devices; sourceTree = "<absolute>"; };
		C96B8908716A4F19352A9CC9 /* PROGRAM.md */ /* PROGRAM.md */ = {isa = PBXFileReference; lastKnownFileType = file.md; name = PROGRAM.md; path = PROGRAM.md; sourceTree = SOURCE_ROOT; };
		CC045FCC327D2426C31D39A9 /* TextTurtleGraphics.cpp */ /* TextTurtleGraphics.cpp */ = {isa = PBXFileReference; lastKnownFileType = sourcecode.cpp.cpp; name = TextTurtleGraphics.cpp; path = ../../Source/TextTurtleGraphics.cpp; sourceTree = SOURCE_ROOT; };
		CD007A67D2EB02729D8BA040 /* Examples.cpp */ /* Examples.cpp */ = {isa = PBXFileReference; lastKnownFileType = sourcecode.cpp.cpp; name = Examples.cpp; path = ../../Source/Examples.cpp; sourceTree = SOURCE_ROOT; };
		CE9E55B43160051109CDB366 /* LSystemTokeniser.hpp */ /* LSystemTokeniser.hpp */ = {isa = PBXFileReference; lastKnownFileType = sourcecode.c.h; name = LSystemTokeniser.hpp; path = ../../Source/LSystemTokeniser.hpp; sourceTree = SOURCE_ROOT; };
		CFBF40D26009AB257945F093 /* CoreAudio.framework */ /* CoreAudio.framework */ = {isa = PBXFileReference; lastKnownFileType = wrapper.framework; name = CoreAudio.framework; path = System/Library/Frameworks/CoreAudio.framework; sourceTree = SDKROOT; };
		D181802EF6B8DD92762CDBBF /* TODO.md */ /* TODO.md */ = {isa = PBXFileReference; lastKnownFileType = file.md; name = TODO.md; path = ../../Source/TODO.md; sourceTree = SOURCE_ROOT; };
		D4B8E21AC831BADB05F722FE /* WebKit.framework */ /* WebKit.framework */ = {isa = PBXFileReference; lastKnownFileType = wrapper.framework; name = WebKit.framework; path = System/Library/Frameworks/WebKit.framework; sourceTree = SDKROOT; };
		D5FADA01BE250A7ECD2043CC /* Runner.cpp */ /* Runner.cpp */ = {isa = PBXFileReference; lastKnownFileType = sourcecode.cpp.cpp; name = Runner.cpp; path = ../../Source/Runner.cpp; sourceTree = SOURCE_ROOT; };
		D6A181B92606C4EA83826737 /* include_juce_audio_processors.mm */ /* include_juce_audio_processors.mm */ = {isa = PBXFileReference; lastKnownFileType = sourcecode.cpp.objcpp; name = include_juce_audio_processors.mm; path = ../../JuceLibraryCode/include_juce_audio_processors.mm; sourceTree = SOURCE_ROOT; };
		D7BFB161AAC3876882D28DE0 /* AppConfig.h */ /* AppConfig.h */ = {isa = PBXFileReference; lastKnownFileType = sourcecode.c.h; name = AppConfig.h; path = ../../JuceLibraryCode/AppConfig.h; sourceTree = SOURCE_ROOT; };
		DC5FB9A079DA0019A3E30C89 /* DocumentationView.h */ /* DocumentationView.h */ = {isa = PBXFileReference; lastKnownFileType = sourcecode.c.h; name = DocumentationView.h; path = ../../Source/DocumentationView.h; sourceTree = SOURCE_ROOT; };
		DCCBD43010CD010CFEF43BDB /* include_juce_audio_basics.mm */ /* include_juce_audio_basics.mm */ = {isa = PBXFileReference; lastKnownFileType = sourcecode.cpp.objcpp; name = include_juce_audio_basics.mm; path = ../../JuceLibraryCode/include_juce_audio_basics.mm; sourceTree = SOURCE_ROOT; };
		DFA85A0536AA597136EA9150 /* juce_graphics */ /* juce_graphics */ = {isa = PBXFileReference; lastKnownFileType = folder; name = juce_graphics; path = /Users/joerg/developer/lib/JUCE/modules/juce_graphics; sourceTree = "<absolute>"; };
		E01D3364E896910AAC20E20D /* juce_gui_extra */ /* juce_gui_extra */ = {isa = PBXFileReference; lastKnownFileType = folder; name = juce_gui_extra; path = /Users/joerg/developer/lib/JUCE/modules/juce_gui_extra; sourceTree = "<absolute>"; };
		E1CEBFFD6E4B3FDCF2CC6FAD /* utils.cpp */ /* utils.cpp */ = {isa = PBXFileReference; lastKnownFileType = sourcecode.cpp.cpp; name = utils.cpp; path = ../../Source/utils.cpp; sourceTree = SOURCE_ROOT; };
		E221F4492AE3CCCF024BB289 /* RecentFilesMenuTemplate.nib */ /* RecentFilesMenuTemplate.nib */ = {isa = PBXFileReference; lastKnownFileType = file.nib; name = RecentFilesMenuTemplate.nib; path = RecentFilesMenuTemplate.nib; sourceTree = SOURCE_ROOT; };
		E3FA4D445307A71F5CC9C2DC /* Examples.hpp */ /* Examples.hpp */ = {isa = PBXFileReference; lastKnownFileType = sourcecode.c.h; name = Examples.hpp; path = ../../Source/Examples.hpp; sourceTree = SOURCE_ROOT; };
		E4A3C0C31ACBC20BF247E1D7 /* MainWindow.cpp */ /* MainWindow.cpp */ = {isa = PBXFileReference; lastKnownFileType = sourcecode.cpp.cpp; name = MainWindow.cpp; path = ../../Source/MainWindow.cpp; sourceTree = SOURCE_ROOT; };
		E5D84441C1EAB9E1D7D29892 /* PROGRAM-doc-de.md */ /* PROGRAM-doc-de.md */ = {isa = PBXFileReference; lastKnownFileType = file.md; name = "PROGRAM-doc-de.md"; path = "PROGRAM-doc-de.md"; sourceTree = SOURCE_ROOT; };
		E95E88117816FF809CC37C20 /* examples-program.txt */ /* examples-program.txt */ = {isa = PBXFileReference; lastKnownFileType = text.txt; name = "examples-program.txt"; path = "../../Source/examples-program.txt"; sourceTree = SOURCE_ROOT; };
		EA6DE19C1CE7B1348A440190 /* DrawRoutines.h */ /* DrawRoutines.h */ = {isa = PBXFileReference; lastKnownFileType = sourcecode.c.h; name = DrawRoutines.h; path = ../../Source/DrawRoutines.h; sourceTree = SOURCE_ROOT; };
		EE66F56E6A50EBED2A133789 /* include_juce_audio_formats.mm */ /* include_juce_audio_formats.mm */ = {isa = PBXFileReference; lastKnownFileType = sourcecode.cpp.objcpp; name = include_juce_audio_formats.mm; path = ../../JuceLibraryCode/include_juce_audio_formats.mm; sourceTree = SOURCE_ROOT; };
		EE8D7F5164B0F14570312603 /* Markov.cpp */ /* Markov.cpp */ = {isa = PBXFileReference; lastKnownFileType = sourcecode.cpp.cpp; name = Markov.cpp; path = ../../Source/Markov.cpp; sourceTree = SOURCE_ROOT; };
		EF4C878184FD2385AC27BC02 /* VideoExporter.cpp */ /* VideoExporter.cpp */ = {isa = PBXFileReference; lastKnownFileType = sourcecode.cpp.cpp; name = VideoExporter.cpp; path = ../../Source/VideoExporter.cpp; sourceTree = SOURCE_ROOT; };
		F26F2222D82F1EF1AF0AB3B9 /* include_juce_data_structures.mm */ /* include_juce_data_structures.mm */ = {isa = PBXFileReference; lastKnownFileType = sourcecode.cpp.objcpp; name = include_juce_data_structures.mm; path = ../../JuceLibraryCode/include_juce_data_structures.mm; sourceTree = SOURCE_ROOT; };
		F59E2BDD44591FBAD5BB2E9A /* CoreMedia.framework */ /* CoreMedia.framework */ = {isa = PBXFileReference; lastKnownFileType = wrapper.framework; name = CoreMedia.framework; path = System/Library/Frameworks/CoreMedia.framework; sourceTree = SDKROOT; };
		F97F6C02EDB9715B3456444A /* Foundation.framework */ /* Foundation.framework */ = {isa = PBXFileReference; lastKnownFileType = wrapper.framework; name = Foundation.framework; path = System/Library/Frameworks/Foundation.framework; sourceTree = SDKROOT; };
		FA0257D482BA894264AC21DC /* Runner.hpp */ /* Runner.hpp */ = {isa = PBXFileReference; lastKnownFileType = sourcecode.c.h; name = Runner.hpp; path = ../../Source/Runner.hpp; sourceTree = SOURCE_ROOT; };
		FA6F610690F59726200793CE /* include_juce_events.mm */ /* include_juce_events.mm */ = {isa = PBXFileReference; lastKnownFileType = sourcecode.cpp.objcpp; name = include_juce_events.mm; path = ../../JuceLibraryCode/include_juce_events.mm; sourceTree = SOURCE_ROOT; };
		FAE10A1483703C07DC05518C /* Parser.hpp */ /* Parser.hpp */ = {isa = PBXFileReference; lastKnownFileType = sourcecode.c.h; name = Parser.hpp; path = ../../Source/Parser.hpp; sourceTree = SOURCE_ROOT; };
		FB78D90AE657D8941A7C41FA /* juce_video */ /* juce_video */ = {isa = PBXFileReference; lastKnownFileType = folder; name = juce_video; path = /Users/joerg/developer/lib/JUCE/modules/juce_video; sourceTree = "<absolute>"; };
		FB7EC4253DC83F26AFF711F0 /* LSystem.h */ /* LSystem.h */ = {isa = PBXFileReference; lastKnownFileType = sourcecode.c.h; name = LSystem.h; path = ../../Source/LSystem.h; sourceTree = SOURCE_ROOT; };
		FC128630979D2C96EC37E817 /* Tokenizer.cpp */ /* Tokenizer.cpp */ = {isa = PBXFileReference; lastKnownFileType = sourcecode.cpp.cpp; name = Tokenizer.cpp; path = ../../Source/Tokenizer.cpp; sourceTree = SOURCE_ROOT; };
/* End PBXFileReference section */

/* Begin PBXFrameworksBuildPhase section */
		C131E33E93193BF4D52D836A = {
			isa = PBXFrameworksBuildPhase;
			buildActionMask = 2147483647;
			files = (
				1C1ABACA9750359D48EB5600,
				C726DC7123DCFF4DA2264016,
				3A316C9899964D338F9BFF44,
				B710BE038F11C524A9D445E8,
				BEFA3D36052F6B3D65D918C7,
				A826D0B5B883AEECA69C5ECD,
				FACF1737371624BC5687F71A,
				CBF533C05A2BF9995D7D4EB3,
				90CEAE4E75D0BE49EE1D0F94,
				5FF51A826474FA13CD51D2CE,
				F9819FF0C9705E0C9F1D3463,
				0527033FE821AF671141C759,
				037C4BE6C39824D176949292,
			);
			runOnlyForDeploymentPostprocessing = 0;
		};
/* End PBXFrameworksBuildPhase section */

/* Begin PBXGroup section */
		0FE91AD17336F78C0FBBC905 /* TODO */ = {
			isa = PBXGroup;
			children = (
				D181802EF6B8DD92762CDBBF,
				C96B8908716A4F19352A9CC9,
			);
			name = TODO;
			sourceTree = "<group>";
		};
		1E8FE6543D8D28F554CAFB1E /* Products */ = {
			isa = PBXGroup;
			children = (
				4C4FC23EA25438B1152C87DC,
			);
			name = Products;
			sourceTree = "<group>";
		};
		4227D0FC97E38E731ACF2D60 /* platform dependent */ = {
			isa = PBXGroup;
			children = (
				EA6DE19C1CE7B1348A440190,
				0E288FF2F54794230C069B80,
				9EA9A2A9D5F8113B60099152,
				11F23AE590986B047EF7D702,
				EF4C878184FD2385AC27BC02,
				534FE6BE94412798DF22E30C,
				4B5CBD6A3CD91AFC48F8EF1E,
				AE1BBF0D4ABBB9A01AB60FD8,
				C2075413740D2EA5CB7B5ECE,
				4B2AA29BAEF422CDFFCA3F9D,
				700109C9021A9C5450954490,
				36C7F103A244180C09AD839C,
				008A549D769C19B5DAAF972E,
				9B03C4E8D3DE827649B5B9AF,
			);
			name = "platform dependent";
			sourceTree = "<group>";
		};
		52467C8FE41D9F121E95F1B1 /* resources */ = {
			isa = PBXGroup;
			children = (
				24A5AF0D83F85730347DDCD6,
			);
			name = resources;
			sourceTree = "<group>";
		};
		52B0FB60DC822A9152557A20 /* Source */ = {
			isa = PBXGroup;
			children = (
				DC5FB9A079DA0019A3E30C89,
				3F78E5C33B34AF6E442955EC,
				0D609EEBF46631A71E400631,
				411FA01AF3BD6982CC120E5D,
				CE9E55B43160051109CDB366,
				2B45C1CFA8A97367D53FE858,
				C289E75BBC517E54A3469B06,
				8291C94EC20AC4AEA40111D5,
				1EEA934137DE58D39D4052CE,
				E4A3C0C31ACBC20BF247E1D7,
				FA0257D482BA894264AC21DC,
				D5FADA01BE250A7ECD2043CC,
				3855CFD696452BC64DB05DCC,
				E1CEBFFD6E4B3FDCF2CC6FAD,
				8EEBA28A76064CA74DA90003,
				E3FA4D445307A71F5CC9C2DC,
				CD007A67D2EB02729D8BA040,
				ABF9F66EECA72D6067345F3B,
				39EE9C617DE9A5C85A4D3AB7,
				7862A5054B11AD5326CC2B23,
				A3599176C14360AD4D5B35BA,
				048486EA6A4FECD10B9F1C9A,
				CC045FCC327D2426C31D39A9,
			);
			name = Source;
			sourceTree = "<group>";
		};
		650BBCD0C8C91A31932B6476 /* examples */ = {
			isa = PBXGroup;
			children = (
				88E1E2048833B53AD65D8A21,
				38E485029338630AD84CABF9,
				7EBD9BB9DA323EB9614E841C,
				E95E88117816FF809CC37C20,
			);
			name = examples;
			sourceTree = "<group>";
		};
		6AE0F92155D34752EE138F75 /* txtgen */ = {
			isa = PBXGroup;
			children = (
				4EFDCF957A76DA0F6B9902CD,
				02ABE42BAE038639E2F53183,
				FB7EC4253DC83F26AFF711F0,
				69B45CB43265726A62236C97,
				EE8D7F5164B0F14570312603,
				20E52DAE9D81570B08A466CC,
				1028E95CEA311673E0D0899A,
				872EF95DC52BD1747382F81A,
				FAE10A1483703C07DC05518C,
				8940504111E7548D15FF8EE5,
				3B8AACD951563217A012F6AE,
				30A1F33DA8CCBE1A546EF41B,
				A8C409970025805730EF705B,
				FC128630979D2C96EC37E817,
			);
			name = txtgen;
			sourceTree = "<group>";
		};
		743FC3E3BDA6C1040584E7E0 /* xTXT */ = {
			isa = PBXGroup;
			children = (
				0FE91AD17336F78C0FBBC905,
				B83E2345D3C92AAD4444A441,
				650BBCD0C8C91A31932B6476,
				6AE0F92155D34752EE138F75,
				4227D0FC97E38E731ACF2D60,
				52B0FB60DC822A9152557A20,
				52467C8FE41D9F121E95F1B1,
			);
			name = xTXT;
			sourceTree = "<group>";
		};
		82FD58B68D6ACD98837B2298 /* JUCE Modules */ = {
			isa = PBXGroup;
			children = (
				73E966A67152F929A71CEFF6,
				C4F447B4585AED3246BFBAE2,
				8013449BF3D39F2804AA38C8,
				92E942927B0576C57D6FC60C,
				74477FA29B1026CD08985DA2,
				758AC53A8B1A3A32E1A09417,
				C441E5D5E73441B8D5E0F7FF,
				A61BC4B6AACEB486792EA7C3,
				DFA85A0536AA597136EA9150,
				9772FE4678FFA2AC2656F67E,
				E01D3364E896910AAC20E20D,
				7E50362B453E9A2C42BB97E2,
				FB78D90AE657D8941A7C41FA,
			);
			name = "JUCE Modules";
			sourceTree = "<group>";
		};
		8CB775079824436AD4C11488 /* JUCE Library Code */ = {
			isa = PBXGroup;
			children = (
				D7BFB161AAC3876882D28DE0,
				85DF41CC4FA4FD2DE1E6CBC5,
				AE69589B48859FE87DF7610C,
				DCCBD43010CD010CFEF43BDB,
				2A8F450EDBD9AB56CAF6D493,
				EE66F56E6A50EBED2A133789,
				D6A181B92606C4EA83826737,
				1185ADEA4B8A0831B64BF4AD,
				53E9648CB1223B9564EBB45B,
				A0551B6FB8679E8B032724D9,
				C1EA28163B784E4C0F2971DB,
				F26F2222D82F1EF1AF0AB3B9,
				FA6F610690F59726200793CE,
				3D09E06C4E669C722463444E,
				4786A42B644081DF9D8382BE,
				08C011C0643D01CDBE66B80D,
				AB940683BB70C90AB1262800,
				41064F35812828A6A8EC752D,
				B07C8EEE5B4A72C6AE6CD20E,
			);
			name = "JUCE Library Code";
			sourceTree = "<group>";
		};
		B83E2345D3C92AAD4444A441 /* DOC */ = {
			isa = PBXGroup;
			children = (
				011214464EA5DBD9A1C5DBF5,
				A61CCE2DA2EFCFF984369B42,
				E5D84441C1EAB9E1D7D29892,
				216FB139634DEB51E12FAFE4,
			);
			name = DOC;
			sourceTree = "<group>";
		};
		E61D175CB824EC1037FF7B8E /* Resources */ = {
			isa = PBXGroup;
			children = (
				30AF49179185AA832F3E631A,
				E221F4492AE3CCCF024BB289,
				0257E5CE67CB370B7D672DB6,
			);
			name = Resources;
			sourceTree = "<group>";
		};
		ECAD8E1AB83600C6785908EB /* Frameworks */ = {
			isa = PBXGroup;
			children = (
				1EE1B58388204FAF86EE8676,
				467435548BB10188093DFA34,
				8975FE5A4ED205436B7A056A,
				357A8F7AF49826922CB6EFDF,
				511F4132C538C0AFFA4F3FFF,
				CFBF40D26009AB257945F093,
				F59E2BDD44591FBAD5BB2E9A,
				97C0BF5895F488C7439ED345,
				F97F6C02EDB9715B3456444A,
				29458B98CE34EA0DF64C2DA7,
				0AA7A7F85A9AF48281C98130,
				4E138F888313321D47F4C989,
				D4B8E21AC831BADB05F722FE,
			);
			name = Frameworks;
			sourceTree = "<group>";
		};
		EF141E39F4B62406B32D4FC1 /* Source */ = {
			isa = PBXGroup;
			children = (
				743FC3E3BDA6C1040584E7E0,
				82FD58B68D6ACD98837B2298,
				8CB775079824436AD4C11488,
				E61D175CB824EC1037FF7B8E,
				ECAD8E1AB83600C6785908EB,
				1E8FE6543D8D28F554CAFB1E,
			);
			name = Source;
			sourceTree = "<group>";
		};
/* End PBXGroup section */

/* Begin PBXNativeTarget section */
		24992F775770A3C042C1C9B3 /* xTXT - App */ = {
			isa = PBXNativeTarget;
			buildConfigurationList = 543621D636D2D10AD1B3C6D5;
			buildPhases = (
				D9A3BE29EB5BAA62C2CB8485,
				BE399A41470953D102FC6344,
				C131E33E93193BF4D52D836A,
			);
			buildRules = (
			);
			dependencies = (
			);
			name = "xTXT - App";
			productName = xTXT;
			productReference = 4C4FC23EA25438B1152C87DC;
			productType = "com.apple.product-type.application";
		};
/* End PBXNativeTarget section */

/* Begin PBXProject section */
		614DA77DCB937E485B86C931 = {
			isa = PBXProject;
			attributes = {
				LastUpgradeCheck = 1340;
				ORGANIZATIONNAME = "jörg piringer";
				TargetAttributes = {
					24992F775770A3C042C1C9B3 = {
						SystemCapabilities = {
							com.apple.ApplicationGroups.iOS = {
								enabled = 0;
							};
							com.apple.HardenedRuntime = {
								enabled = 0;
							};
							com.apple.InAppPurchase = {
								enabled = 0;
							};
							com.apple.InterAppAudio = {
								enabled = 0;
							};
							com.apple.Push = {
								enabled = 0;
							};
							com.apple.Sandbox = {
								enabled = 0;
							};
						};
					};
				};
			};
			buildConfigurationList = 1C2DE636C704D63F56A78E61;
			compatibilityVersion = "Xcode 3.2";
			hasScannedForEncodings = 0;
			knownRegions = (
				en,
				Base,
			);
			mainGroup = EF141E39F4B62406B32D4FC1;
			projectDirPath = "";
			projectRoot = "";
			targets = (
				24992F775770A3C042C1C9B3,
			);
		};
/* End PBXProject section */

/* Begin PBXResourcesBuildPhase section */
		D9A3BE29EB5BAA62C2CB8485 = {
			isa = PBXResourcesBuildPhase;
			buildActionMask = 2147483647;
			files = (
				1D500F533ABB17B86277FAB6,
				C0DEBC1B8532AD56075F46AC,
			);
			runOnlyForDeploymentPostprocessing = 0;
		};
/* End PBXResourcesBuildPhase section */

/* Begin PBXSourcesBuildPhase section */
		BE399A41470953D102FC6344 = {
			isa = PBXSourcesBuildPhase;
			buildActionMask = 2147483647;
			files = (
				23E9EB0C01623C6CF4166D9A,
				CB93B80FACF8F9796A6870E6,
				6A2F09917E31403DFCFEC987,
				6C6BA4ACA7DF8A9F4FB7A3E7,
				75A51527BCD0B1DC6DA6F51F,
				EC456C10D0BCF75ED27E1DAF,
				E531B553ACF945969E2E7A0B,
				5408517E5A6FCA9F84A619C6,
				037E059B740711862B4A77F1,
				9FD80F272D03CBDBAC1BA8CA,
				377767515B766E6E9E0DDC60,
				23782A5681E2FD4CC1A574F2,
				43F0F932EC6E644300ABD8F5,
				6044A842767BE43731FF240A,
				D3720612E90A6525626AC42D,
				D7D63A45212186F871C1EF3D,
				321546A0786AC54ED9F1D1F4,
				983BD6F639EE9BD6F446DDFF,
				0837F7E23547116D8099BB49,
				C8E6B1F4AB5679A521968222,
				0DBAFCC75C7906107BCF50C6,
				A379F4A978EE198CF4DF0782,
				8BA786178024ECF0A519EC6C,
				2BF8E7261D23D7BA28E3D688,
				EFFD96D1F3057CF5B0865EDA,
				214EEBD355C43B72E1862246,
				2DD31D83F340C679617133FC,
				D2824E3F6DC28F388333A23A,
				0FC2943757215E5690A68CFA,
				94D474A8630F15BBF85B5283,
				B1D412381917298F6820866D,
				ACCAE6F4D4F2F09203E1B1B4,
				ED80387ED2B84BC7E2B5EF59,
				2AAFB6FAE1B64DF6D3EC62C5,
				B66BE7EE0C011864278CFD29,
				250F966983052EF964E8D6C3,
				7F9F77A9693167216509740C,
			);
			runOnlyForDeploymentPostprocessing = 0;
		};
/* End PBXSourcesBuildPhase section */

/* Begin XCBuildConfiguration section */
		2C14B96010F29FFD2464B962 /* Debug */ = {
			isa = XCBuildConfiguration;
			buildSettings = {
				CLANG_CXX_LANGUAGE_STANDARD = "c++20";
				CLANG_CXX_LIBRARY = "libc++";
				CLANG_LINK_OBJC_RUNTIME = NO;
				CODE_SIGN_IDENTITY = "";
				COMBINE_HIDPI_IMAGES = YES;
				CONFIGURATION_BUILD_DIR = "$(PROJECT_DIR)/build/$(CONFIGURATION)";
				COPY_PHASE_STRIP = NO;
				EXCLUDED_ARCHS = "";
				GCC_DYNAMIC_NO_PIC = NO;
				GCC_OPTIMIZATION_LEVEL = 0;
				GCC_PREPROCESSOR_DEFINITIONS = (
					"_DEBUG=1",
					"DEBUG=1",
					"JUCER_XCODE_MAC_F6D2F4CF=1",
					"JUCE_APP_VERSION=1.3.0",
					"JUCE_APP_VERSION_HEX=0x10300",
					"JucePlugin_Build_VST=0",
					"JucePlugin_Build_VST3=0",
					"JucePlugin_Build_AU=0",
					"JucePlugin_Build_AUv3=0",
					"JucePlugin_Build_AAX=0",
					"JucePlugin_Build_Standalone=0",
					"JucePlugin_Build_Unity=0",
					"JucePlugin_Build_LV2=0",
				);
				GCC_VERSION = com.apple.compilers.llvm.clang.1_0;
				HEADER_SEARCH_PATHS = (
					"$(SRCROOT)/../../JuceLibraryCode",
					"/Users/joerg/developer/lib/JUCE/modules",
					"/opt/homebrew/include",
					"$(inherited)",
				);
				INFOPLIST_FILE = Info-App.plist;
				INFOPLIST_PREPROCESS = NO;
				INSTALL_PATH = "$(HOME)/Applications";
				MACOSX_DEPLOYMENT_TARGET = 12.3;
				MTL_HEADER_SEARCH_PATHS = "$(SRCROOT)/../../JuceLibraryCode /Users/joerg/developer/lib/JUCE/modules /opt/homebrew/include";
				OTHER_LDFLAGS = "-lluastatic -L/opt/homebrew/lib/ -weak_framework Metal -weak_framework MetalKit";
				PRODUCT_BUNDLE_IDENTIFIER = net.piringer.xTXT;
				PRODUCT_NAME = "xTXT";
				USE_HEADERMAP = NO;
				VALIDATE_WORKSPACE_SKIPPED_SDK_FRAMEWORKS = OpenGL;
				VALID_ARCHS = "i386 x86_64 arm64 arm64e";
			};
			name = Debug;
		};
		681BF3CEFE7CEF578EEC8B2D /* Debug */ = {
			isa = XCBuildConfiguration;
			buildSettings = {
				ALWAYS_SEARCH_USER_PATHS = NO;
				CLANG_ENABLE_OBJC_WEAK = YES;
				CLANG_WARN_BLOCK_CAPTURE_AUTORELEASING = YES;
				CLANG_WARN_BOOL_CONVERSION = YES;
				CLANG_WARN_COMMA = YES;
				CLANG_WARN_CONSTANT_CONVERSION = YES;
				CLANG_WARN_DEPRECATED_OBJC_IMPLEMENTATIONS = YES;
				CLANG_WARN_EMPTY_BODY = YES;
				CLANG_WARN_ENUM_CONVERSION = YES;
				CLANG_WARN_INFINITE_RECURSION = YES;
				CLANG_WARN_INT_CONVERSION = YES;
				CLANG_WARN_NON_LITERAL_NULL_CONVERSION = YES;
				CLANG_WARN_OBJC_IMPLICIT_RETAIN_SELF = YES;
				CLANG_WARN_OBJC_LITERAL_CONVERSION = YES;
				CLANG_WARN_RANGE_LOOP_ANALYSIS = YES;
				CLANG_WARN_STRICT_PROTOTYPES = YES;
				CLANG_WARN_SUSPICIOUS_MOVE = YES;
				CLANG_WARN_UNREACHABLE_CODE = YES;
				CLANG_WARN__DUPLICATE_METHOD_MATCH = YES;
				CODE_SIGN_IDENTITY = "";
				DEBUG_INFORMATION_FORMAT = dwarf;
				ENABLE_STRICT_OBJC_MSGSEND = YES;
				ENABLE_TESTABILITY = NO;
				GCC_C_LANGUAGE_STANDARD = c11;
				GCC_INLINES_ARE_PRIVATE_EXTERN = YES;
				GCC_MODEL_TUNING = G5;
				GCC_NO_COMMON_BLOCKS = YES;
				GCC_SYMBOLS_PRIVATE_EXTERN = YES;
				GCC_WARN_64_TO_32_BIT_CONVERSION = YES;
				GCC_WARN_ABOUT_RETURN_TYPE = YES;
				GCC_WARN_CHECK_SWITCH_STATEMENTS = YES;
				GCC_WARN_MISSING_PARENTHESES = YES;
				GCC_WARN_NON_VIRTUAL_DESTRUCTOR = YES;
				GCC_WARN_TYPECHECK_CALLS_TO_PRINTF = YES;
				GCC_WARN_UNDECLARED_SELECTOR = YES;
				GCC_WARN_UNINITIALIZED_AUTOS = YES;
				GCC_WARN_UNUSED_FUNCTION = YES;
				GCC_WARN_UNUSED_VARIABLE = YES;
				ONLY_ACTIVE_ARCH = YES;
				PRODUCT_NAME = "xTXT";
				SDKROOT = macosx;
				WARNING_CFLAGS = "-Wreorder";
				ZERO_LINK = NO;
			};
			name = Debug;
		};
		8393D976AAD37DE867E97C2F /* Release */ = {
			isa = XCBuildConfiguration;
			buildSettings = {
				CLANG_CXX_LANGUAGE_STANDARD = "c++20";
				CLANG_CXX_LIBRARY = "libc++";
				CLANG_LINK_OBJC_RUNTIME = NO;
				CODE_SIGN_IDENTITY = "";
				COMBINE_HIDPI_IMAGES = YES;
				CONFIGURATION_BUILD_DIR = "$(PROJECT_DIR)/build/$(CONFIGURATION)";
				DEAD_CODE_STRIPPING = YES;
				EXCLUDED_ARCHS = "";
				GCC_GENERATE_DEBUGGING_SYMBOLS = NO;
				GCC_OPTIMIZATION_LEVEL = 3;
				GCC_PREPROCESSOR_DEFINITIONS = (
					"_NDEBUG=1",
					"NDEBUG=1",
					"JUCER_XCODE_MAC_F6D2F4CF=1",
					"JUCE_APP_VERSION=1.3.0",
					"JUCE_APP_VERSION_HEX=0x10300",
					"JucePlugin_Build_VST=0",
					"JucePlugin_Build_VST3=0",
					"JucePlugin_Build_AU=0",
					"JucePlugin_Build_AUv3=0",
					"JucePlugin_Build_AAX=0",
					"JucePlugin_Build_Standalone=0",
					"JucePlugin_Build_Unity=0",
					"JucePlugin_Build_LV2=0",
				);
				GCC_VERSION = com.apple.compilers.llvm.clang.1_0;
				HEADER_SEARCH_PATHS = (
					"$(SRCROOT)/../../JuceLibraryCode",
					"/Users/joerg/developer/lib/JUCE/modules",
					"/opt/homebrew/include",
					"$(inherited)",
				);
				INFOPLIST_FILE = Info-App.plist;
				INFOPLIST_PREPROCESS = NO;
				INSTALL_PATH = "$(HOME)/Applications";
				LLVM_LTO = YES;
				MACOSX_DEPLOYMENT_TARGET = 12.3;
				MTL_HEADER_SEARCH_PATHS = "$(SRCROOT)/../../JuceLibraryCode /Users/joerg/developer/lib/JUCE/modules /opt/homebrew/include";
				OTHER_LDFLAGS = "-lluastatic -L/opt/homebrew/lib/ -weak_framework Metal -weak_framework MetalKit";
				PRODUCT_BUNDLE_IDENTIFIER = net.piringer.xTXT;
				PRODUCT_NAME = "xTXT";
				USE_HEADERMAP = NO;
				VALIDATE_WORKSPACE_SKIPPED_SDK_FRAMEWORKS = OpenGL;
				VALID_ARCHS = "i386 x86_64 arm64 arm64e";
			};
			name = Release;
		};
		AFDCF3457636B81BE9A73167 /* Release */ = {
			isa = XCBuildConfiguration;
			buildSettings = {
				ALWAYS_SEARCH_USER_PATHS = NO;
				CLANG_ENABLE_OBJC_WEAK = YES;
				CLANG_WARN_BLOCK_CAPTURE_AUTORELEASING = YES;
				CLANG_WARN_BOOL_CONVERSION = YES;
				CLANG_WARN_COMMA = YES;
				CLANG_WARN_CONSTANT_CONVERSION = YES;
				CLANG_WARN_DEPRECATED_OBJC_IMPLEMENTATIONS = YES;
				CLANG_WARN_EMPTY_BODY = YES;
				CLANG_WARN_ENUM_CONVERSION = YES;
				CLANG_WARN_INFINITE_RECURSION = YES;
				CLANG_WARN_INT_CONVERSION = YES;
				CLANG_WARN_NON_LITERAL_NULL_CONVERSION = YES;
				CLANG_WARN_OBJC_IMPLICIT_RETAIN_SELF = YES;
				CLANG_WARN_OBJC_LITERAL_CONVERSION = YES;
				CLANG_WARN_RANGE_LOOP_ANALYSIS = YES;
				CLANG_WARN_STRICT_PROTOTYPES = YES;
				CLANG_WARN_SUSPICIOUS_MOVE = YES;
				CLANG_WARN_UNREACHABLE_CODE = YES;
				CLANG_WARN__DUPLICATE_METHOD_MATCH = YES;
				CODE_SIGN_IDENTITY = "";
				DEBUG_INFORMATION_FORMAT = dwarf;
				ENABLE_STRICT_OBJC_MSGSEND = YES;
				ENABLE_TESTABILITY = NO;
				GCC_C_LANGUAGE_STANDARD = c11;
				GCC_INLINES_ARE_PRIVATE_EXTERN = YES;
				GCC_MODEL_TUNING = G5;
				GCC_NO_COMMON_BLOCKS = YES;
				GCC_SYMBOLS_PRIVATE_EXTERN = YES;
				GCC_WARN_64_TO_32_BIT_CONVERSION = YES;
				GCC_WARN_ABOUT_RETURN_TYPE = YES;
				GCC_WARN_CHECK_SWITCH_STATEMENTS = YES;
				GCC_WARN_MISSING_PARENTHESES = YES;
				GCC_WARN_NON_VIRTUAL_DESTRUCTOR = YES;
				GCC_WARN_TYPECHECK_CALLS_TO_PRINTF = YES;
				GCC_WARN_UNDECLARED_SELECTOR = YES;
				GCC_WARN_UNINITIALIZED_AUTOS = YES;
				GCC_WARN_UNUSED_FUNCTION = YES;
				GCC_WARN_UNUSED_VARIABLE = YES;
				PRODUCT_NAME = "xTXT";
				SDKROOT = macosx;
				WARNING_CFLAGS = "-Wreorder";
				ZERO_LINK = NO;
			};
			name = Release;
		};
/* End XCBuildConfiguration section */

/* Begin XCConfigurationList section */
		1C2DE636C704D63F56A78E61 = {
			isa = XCConfigurationList;
			buildConfigurations = (
				681BF3CEFE7CEF578EEC8B2D,
				AFDCF3457636B81BE9A73167,
			);
			defaultConfigurationIsVisible = 0;
			defaultConfigurationName = Debug;
		};
		543621D636D2D10AD1B3C6D5 = {
			isa = XCConfigurationList;
			buildConfigurations = (
				2C14B96010F29FFD2464B962,
				8393D976AAD37DE867E97C2F,
			);
			defaultConfigurationIsVisible = 0;
			defaultConfigurationName = Debug;
		};
/* End XCConfigurationList section */
	};
	rootObject = 614DA77DCB937E485B86C931 /* Project object */;
}
